
Microsoft Visual Studio Solution File, Format Version 12.00
# Visual Studio 15
VisualStudioVersion = 15.0.26228.48
MinimumVisualStudioVersion = 10.0.40219.1
Project("{FAE04EC0-301F-11D3-BF4B-00C04F79EFBC}") = "Task 1-1", "Task 1\Task 1-1.csproj", "{8A3FCAA0-51E2-4FFA-8729-0C80BC4CF045}"
EndProject
Project("{FAE04EC0-301F-11D3-BF4B-00C04F79EFBC}") = "Task 2-1", "Task 2\Task 2-1.csproj", "{8F27B2AE-AC48-40E3-8D48-30F4A3A041B9}"
EndProject
Project("{FAE04EC0-301F-11D3-BF4B-00C04F79EFBC}") = "Task 3", "Task 3\Task 3.csproj", "{D1CF4E20-AE70-4942-AE38-66FFCD3F290E}"
EndProject
Project("{FAE04EC0-301F-11D3-BF4B-00C04F79EFBC}") = "Task 1-2", "Task 1-2\Task 1-2.csproj", "{6F0D1807-6E54-42FC-B60E-1BD38A26B51C}"
EndProject
Project("{FAE04EC0-301F-11D3-BF4B-00C04F79EFBC}") = "Task 1-3", "Task 1-3\Task 1-3.csproj", "{D3F2CB0F-8C56-422E-BC79-3B5B7CB92A40}"
EndProject
Project("{FAE04EC0-301F-11D3-BF4B-00C04F79EFBC}") = "Task 2-2", "Task 3-2\Task 2-2.csproj", "{58AD64AB-D143-4343-96F3-78026ABB9C09}"
EndProject
Global
	GlobalSection(SolutionConfigurationPlatforms) = preSolution
		Debug|Any CPU = Debug|Any CPU
		Release|Any CPU = Release|Any CPU
	EndGlobalSection
	GlobalSection(ProjectConfigurationPlatforms) = postSolution
		{8A3FCAA0-51E2-4FFA-8729-0C80BC4CF045}.Debug|Any CPU.ActiveCfg = Debug|Any CPU
		{8A3FCAA0-51E2-4FFA-8729-0C80BC4CF045}.Debug|Any CPU.Build.0 = Debug|Any CPU
		{8A3FCAA0-51E2-4FFA-8729-0C80BC4CF045}.Release|Any CPU.ActiveCfg = Release|Any CPU
		{8A3FCAA0-51E2-4FFA-8729-0C80BC4CF045}.Release|Any CPU.Build.0 = Release|Any CPU
		{8F27B2AE-AC48-40E3-8D48-30F4A3A041B9}.Debug|Any CPU.ActiveCfg = Debug|Any CPU
		{8F27B2AE-AC48-40E3-8D48-30F4A3A041B9}.Debug|Any CPU.Build.0 = Debug|Any CPU
		{8F27B2AE-AC48-40E3-8D48-30F4A3A041B9}.Release|Any CPU.ActiveCfg = Release|Any CPU
		{8F27B2AE-AC48-40E3-8D48-30F4A3A041B9}.Release|Any CPU.Build.0 = Release|Any CPU
		{D1CF4E20-AE70-4942-AE38-66FFCD3F290E}.Debug|Any CPU.ActiveCfg = Debug|Any CPU
		{D1CF4E20-AE70-4942-AE38-66FFCD3F290E}.Debug|Any CPU.Build.0 = Debug|Any CPU
		{D1CF4E20-AE70-4942-AE38-66FFCD3F290E}.Release|Any CPU.ActiveCfg = Release|Any CPU
		{D1CF4E20-AE70-4942-AE38-66FFCD3F290E}.Release|Any CPU.Build.0 = Release|Any CPU
		{6F0D1807-6E54-42FC-B60E-1BD38A26B51C}.Debug|Any CPU.ActiveCfg = Debug|Any CPU
		{6F0D1807-6E54-42FC-B60E-1BD38A26B51C}.Debug|Any CPU.Build.0 = Debug|Any CPU
		{6F0D1807-6E54-42FC-B60E-1BD38A26B51C}.Release|Any CPU.ActiveCfg = Release|Any CPU
		{6F0D1807-6E54-42FC-B60E-1BD38A26B51C}.Release|Any CPU.Build.0 = Release|Any CPU
		{D3F2CB0F-8C56-422E-BC79-3B5B7CB92A40}.Debug|Any CPU.ActiveCfg = Debug|Any CPU
		{D3F2CB0F-8C56-422E-BC79-3B5B7CB92A40}.Debug|Any CPU.Build.0 = Debug|Any CPU
		{D3F2CB0F-8C56-422E-BC79-3B5B7CB92A40}.Release|Any CPU.ActiveCfg = Release|Any CPU
		{D3F2CB0F-8C56-422E-BC79-3B5B7CB92A40}.Release|Any CPU.Build.0 = Release|Any CPU
		{58AD64AB-D143-4343-96F3-78026ABB9C09}.Debug|Any CPU.ActiveCfg = Debug|Any CPU
		{58AD64AB-D143-4343-96F3-78026ABB9C09}.Debug|Any CPU.Build.0 = Debug|Any CPU
		{58AD64AB-D143-4343-96F3-78026ABB9C09}.Release|Any CPU.ActiveCfg = Release|Any CPU
		{58AD64AB-D143-4343-96F3-78026ABB9C09}.Release|Any CPU.Build.0 = Release|Any CPU
	EndGlobalSection
	GlobalSection(SolutionProperties) = preSolution
		HideSolutionNode = FALSE
	EndGlobalSection
EndGlobal
